
Microsoft Visual Studio Solution File, Format Version 12.00
Project("{FAE04EC0-301F-11D3-BF4B-00C04F79EFBC}") = "MusicGames.Domain", "MusicGames.Domain\MusicGames.Domain.csproj", "{F86EA6BB-E5B8-433B-BFBD-63DACD2925B7}"
EndProject
Project("{FAE04EC0-301F-11D3-BF4B-00C04F79EFBC}") = "MusicGames.Domain.Test", "MusicGames.Domain.Test\MusicGames.Domain.Test.csproj", "{07DAF2AD-C560-4DBA-8A35-C45BCE1C1F4F}"
EndProject
Project("{FAE04EC0-301F-11D3-BF4B-00C04F79EFBC}") = "CleanCode.Patterns", "CleanCode.Patterns\CleanCode.Patterns.csproj", "{1981E40F-03BB-4DFB-9EBB-7827875D3ED5}"
EndProject
Project("{FAE04EC0-301F-11D3-BF4B-00C04F79EFBC}") = "MusicGames.SongScraping", "MusicGames.SongScraping\MusicGames.SongScraping.csproj", "{80E0261E-E1BD-44D2-9A54-AEC761D0045D}"
EndProject
Project("{FAE04EC0-301F-11D3-BF4B-00C04F79EFBC}") = "MusicGames.SongScraping.Test", "MusicGames.SongScraping.Test\MusicGames.SongScraping.Test.csproj", "{EB97D1EB-DABF-4C8C-9D26-DABBC7D90C8A}"
EndProject
Project("{FAE04EC0-301F-11D3-BF4B-00C04F79EFBC}") = "SongScraping.Infrastructure", "SongScraping.Infrastructure\SongScraping.Infrastructure.csproj", "{BF208555-3590-4A6A-BCAE-7013856363F1}"
EndProject
Global
	GlobalSection(SolutionConfigurationPlatforms) = preSolution
		Debug|Any CPU = Debug|Any CPU
		Release|Any CPU = Release|Any CPU
	EndGlobalSection
	GlobalSection(ProjectConfigurationPlatforms) = postSolution
		{F86EA6BB-E5B8-433B-BFBD-63DACD2925B7}.Debug|Any CPU.ActiveCfg = Debug|Any CPU
		{F86EA6BB-E5B8-433B-BFBD-63DACD2925B7}.Debug|Any CPU.Build.0 = Debug|Any CPU
		{F86EA6BB-E5B8-433B-BFBD-63DACD2925B7}.Release|Any CPU.ActiveCfg = Release|Any CPU
		{F86EA6BB-E5B8-433B-BFBD-63DACD2925B7}.Release|Any CPU.Build.0 = Release|Any CPU
		{07DAF2AD-C560-4DBA-8A35-C45BCE1C1F4F}.Debug|Any CPU.ActiveCfg = Debug|Any CPU
		{07DAF2AD-C560-4DBA-8A35-C45BCE1C1F4F}.Debug|Any CPU.Build.0 = Debug|Any CPU
		{07DAF2AD-C560-4DBA-8A35-C45BCE1C1F4F}.Release|Any CPU.ActiveCfg = Release|Any CPU
		{07DAF2AD-C560-4DBA-8A35-C45BCE1C1F4F}.Release|Any CPU.Build.0 = Release|Any CPU
		{1981E40F-03BB-4DFB-9EBB-7827875D3ED5}.Debug|Any CPU.ActiveCfg = Debug|Any CPU
		{1981E40F-03BB-4DFB-9EBB-7827875D3ED5}.Debug|Any CPU.Build.0 = Debug|Any CPU
		{1981E40F-03BB-4DFB-9EBB-7827875D3ED5}.Release|Any CPU.ActiveCfg = Release|Any CPU
		{1981E40F-03BB-4DFB-9EBB-7827875D3ED5}.Release|Any CPU.Build.0 = Release|Any CPU
		{80E0261E-E1BD-44D2-9A54-AEC761D0045D}.Debug|Any CPU.ActiveCfg = Debug|Any CPU
		{80E0261E-E1BD-44D2-9A54-AEC761D0045D}.Debug|Any CPU.Build.0 = Debug|Any CPU
		{80E0261E-E1BD-44D2-9A54-AEC761D0045D}.Release|Any CPU.ActiveCfg = Release|Any CPU
		{80E0261E-E1BD-44D2-9A54-AEC761D0045D}.Release|Any CPU.Build.0 = Release|Any CPU
		{EB97D1EB-DABF-4C8C-9D26-DABBC7D90C8A}.Debug|Any CPU.ActiveCfg = Debug|Any CPU
		{EB97D1EB-DABF-4C8C-9D26-DABBC7D90C8A}.Debug|Any CPU.Build.0 = Debug|Any CPU
		{EB97D1EB-DABF-4C8C-9D26-DABBC7D90C8A}.Release|Any CPU.ActiveCfg = Release|Any CPU
		{EB97D1EB-DABF-4C8C-9D26-DABBC7D90C8A}.Release|Any CPU.Build.0 = Release|Any CPU
		{BF208555-3590-4A6A-BCAE-7013856363F1}.Debug|Any CPU.ActiveCfg = Debug|Any CPU
		{BF208555-3590-4A6A-BCAE-7013856363F1}.Debug|Any CPU.Build.0 = Debug|Any CPU
		{BF208555-3590-4A6A-BCAE-7013856363F1}.Release|Any CPU.ActiveCfg = Release|Any CPU
		{BF208555-3590-4A6A-BCAE-7013856363F1}.Release|Any CPU.Build.0 = Release|Any CPU
	EndGlobalSection
EndGlobal
